
Microsoft Visual Studio Solution File, Format Version 12.00
# Visual Studio 14
VisualStudioVersion = 14.0.25420.1
MinimumVisualStudioVersion = 10.0.40219.1
Project("{FAE04EC0-301F-11D3-BF4B-00C04F79EFBC}") = "IASERVICE", "iaservice\IASERVICE.csproj", "{209FA716-A7AD-4095-BD70-C8710FC66FA7}"
EndProject
Project("{FAE04EC0-301F-11D3-BF4B-00C04F79EFBC}") = "IA", "IA\IA.csproj", "{1D6F4BAD-EFC5-4EE0-AFA8-3CB7BCBAAE81}"
EndProject
Project("{FAE04EC0-301F-11D3-BF4B-00C04F79EFBC}") = "IA.Droid", "Droid\IA.Droid.csproj", "{242033E8-9B8E-44E4-86F1-DEDF3DCB8C70}"
EndProject
Project("{FAE04EC0-301F-11D3-BF4B-00C04F79EFBC}") = "IA.iOS", "iOS\IA.iOS.csproj", "{18D5783B-E8C3-406D-8301-25C2E8C5D0E3}"
EndProject
Project("{FAE04EC0-301F-11D3-BF4B-00C04F79EFBC}") = "UITEST", "UITEST\UITEST.csproj", "{104D8086-30DF-407D-A6E5-673D45E616D9}"
EndProject
Global
	GlobalSection(SolutionConfigurationPlatforms) = preSolution
		Debug|Any CPU = Debug|Any CPU
		Debug|iPhone = Debug|iPhone
		Debug|iPhoneSimulator = Debug|iPhoneSimulator
		Release|Any CPU = Release|Any CPU
		Release|iPhone = Release|iPhone
		Release|iPhoneSimulator = Release|iPhoneSimulator
	EndGlobalSection
	GlobalSection(ProjectConfigurationPlatforms) = postSolution
		{209FA716-A7AD-4095-BD70-C8710FC66FA7}.Debug|Any CPU.ActiveCfg = Debug|Any CPU
		{209FA716-A7AD-4095-BD70-C8710FC66FA7}.Debug|Any CPU.Build.0 = Debug|Any CPU
		{209FA716-A7AD-4095-BD70-C8710FC66FA7}.Debug|iPhone.ActiveCfg = Debug|Any CPU
		{209FA716-A7AD-4095-BD70-C8710FC66FA7}.Debug|iPhone.Build.0 = Debug|Any CPU
		{209FA716-A7AD-4095-BD70-C8710FC66FA7}.Debug|iPhoneSimulator.ActiveCfg = Debug|Any CPU
		{209FA716-A7AD-4095-BD70-C8710FC66FA7}.Debug|iPhoneSimulator.Build.0 = Debug|Any CPU
		{209FA716-A7AD-4095-BD70-C8710FC66FA7}.Release|Any CPU.ActiveCfg = Release|Any CPU
		{209FA716-A7AD-4095-BD70-C8710FC66FA7}.Release|Any CPU.Build.0 = Release|Any CPU
		{209FA716-A7AD-4095-BD70-C8710FC66FA7}.Release|iPhone.ActiveCfg = Release|Any CPU
		{209FA716-A7AD-4095-BD70-C8710FC66FA7}.Release|iPhone.Build.0 = Release|Any CPU
		{209FA716-A7AD-4095-BD70-C8710FC66FA7}.Release|iPhoneSimulator.ActiveCfg = Release|Any CPU
		{209FA716-A7AD-4095-BD70-C8710FC66FA7}.Release|iPhoneSimulator.Build.0 = Release|Any CPU
		{1D6F4BAD-EFC5-4EE0-AFA8-3CB7BCBAAE81}.Debug|Any CPU.ActiveCfg = Debug|Any CPU
		{1D6F4BAD-EFC5-4EE0-AFA8-3CB7BCBAAE81}.Debug|Any CPU.Build.0 = Debug|Any CPU
		{1D6F4BAD-EFC5-4EE0-AFA8-3CB7BCBAAE81}.Debug|iPhone.ActiveCfg = Debug|Any CPU
		{1D6F4BAD-EFC5-4EE0-AFA8-3CB7BCBAAE81}.Debug|iPhone.Build.0 = Debug|Any CPU
		{1D6F4BAD-EFC5-4EE0-AFA8-3CB7BCBAAE81}.Debug|iPhoneSimulator.ActiveCfg = Debug|Any CPU
		{1D6F4BAD-EFC5-4EE0-AFA8-3CB7BCBAAE81}.Debug|iPhoneSimulator.Build.0 = Debug|Any CPU
		{1D6F4BAD-EFC5-4EE0-AFA8-3CB7BCBAAE81}.Release|Any CPU.ActiveCfg = Release|Any CPU
		{1D6F4BAD-EFC5-4EE0-AFA8-3CB7BCBAAE81}.Release|Any CPU.Build.0 = Release|Any CPU
		{1D6F4BAD-EFC5-4EE0-AFA8-3CB7BCBAAE81}.Release|iPhone.ActiveCfg = Release|Any CPU
		{1D6F4BAD-EFC5-4EE0-AFA8-3CB7BCBAAE81}.Release|iPhone.Build.0 = Release|Any CPU
		{1D6F4BAD-EFC5-4EE0-AFA8-3CB7BCBAAE81}.Release|iPhoneSimulator.ActiveCfg = Release|Any CPU
		{1D6F4BAD-EFC5-4EE0-AFA8-3CB7BCBAAE81}.Release|iPhoneSimulator.Build.0 = Release|Any CPU
		{242033E8-9B8E-44E4-86F1-DEDF3DCB8C70}.Debug|Any CPU.ActiveCfg = Debug|Any CPU
		{242033E8-9B8E-44E4-86F1-DEDF3DCB8C70}.Debug|Any CPU.Build.0 = Debug|Any CPU
		{242033E8-9B8E-44E4-86F1-DEDF3DCB8C70}.Debug|Any CPU.Deploy.0 = Debug|Any CPU
		{242033E8-9B8E-44E4-86F1-DEDF3DCB8C70}.Debug|iPhone.ActiveCfg = Debug|Any CPU
		{242033E8-9B8E-44E4-86F1-DEDF3DCB8C70}.Debug|iPhone.Build.0 = Debug|Any CPU
		{242033E8-9B8E-44E4-86F1-DEDF3DCB8C70}.Debug|iPhone.Deploy.0 = Debug|Any CPU
		{242033E8-9B8E-44E4-86F1-DEDF3DCB8C70}.Debug|iPhoneSimulator.ActiveCfg = Debug|Any CPU
		{242033E8-9B8E-44E4-86F1-DEDF3DCB8C70}.Debug|iPhoneSimulator.Build.0 = Debug|Any CPU
		{242033E8-9B8E-44E4-86F1-DEDF3DCB8C70}.Debug|iPhoneSimulator.Deploy.0 = Debug|Any CPU
		{242033E8-9B8E-44E4-86F1-DEDF3DCB8C70}.Release|Any CPU.ActiveCfg = Release|Any CPU
		{242033E8-9B8E-44E4-86F1-DEDF3DCB8C70}.Release|Any CPU.Build.0 = Release|Any CPU
		{242033E8-9B8E-44E4-86F1-DEDF3DCB8C70}.Release|Any CPU.Deploy.0 = Release|Any CPU
		{242033E8-9B8E-44E4-86F1-DEDF3DCB8C70}.Release|iPhone.ActiveCfg = Release|Any CPU
		{242033E8-9B8E-44E4-86F1-DEDF3DCB8C70}.Release|iPhone.Build.0 = Release|Any CPU
		{242033E8-9B8E-44E4-86F1-DEDF3DCB8C70}.Release|iPhone.Deploy.0 = Release|Any CPU
		{242033E8-9B8E-44E4-86F1-DEDF3DCB8C70}.Release|iPhoneSimulator.ActiveCfg = Release|Any CPU
		{242033E8-9B8E-44E4-86F1-DEDF3DCB8C70}.Release|iPhoneSimulator.Build.0 = Release|Any CPU
		{242033E8-9B8E-44E4-86F1-DEDF3DCB8C70}.Release|iPhoneSimulator.Deploy.0 = Release|Any CPU
		{18D5783B-E8C3-406D-8301-25C2E8C5D0E3}.Debug|Any CPU.ActiveCfg = Debug|iPhone
		{18D5783B-E8C3-406D-8301-25C2E8C5D0E3}.Debug|iPhone.ActiveCfg = Debug|iPhone
		{18D5783B-E8C3-406D-8301-25C2E8C5D0E3}.Debug|iPhone.Build.0 = Debug|iPhone
		{18D5783B-E8C3-406D-8301-25C2E8C5D0E3}.Debug|iPhoneSimulator.ActiveCfg = Debug|iPhoneSimulator
		{18D5783B-E8C3-406D-8301-25C2E8C5D0E3}.Debug|iPhoneSimulator.Build.0 = Debug|iPhoneSimulator
		{18D5783B-E8C3-406D-8301-25C2E8C5D0E3}.Release|Any CPU.ActiveCfg = Release|iPhone
		{18D5783B-E8C3-406D-8301-25C2E8C5D0E3}.Release|iPhone.ActiveCfg = Release|iPhone
		{18D5783B-E8C3-406D-8301-25C2E8C5D0E3}.Release|iPhone.Build.0 = Release|iPhone
		{18D5783B-E8C3-406D-8301-25C2E8C5D0E3}.Release|iPhoneSimulator.ActiveCfg = Release|iPhoneSimulator
		{18D5783B-E8C3-406D-8301-25C2E8C5D0E3}.Release|iPhoneSimulator.Build.0 = Release|iPhoneSimulator
		{104D8086-30DF-407D-A6E5-673D45E616D9}.Debug|Any CPU.ActiveCfg = Debug|Any CPU
		{104D8086-30DF-407D-A6E5-673D45E616D9}.Debug|Any CPU.Build.0 = Debug|Any CPU
		{104D8086-30DF-407D-A6E5-673D45E616D9}.Debug|iPhone.ActiveCfg = Debug|Any CPU
		{104D8086-30DF-407D-A6E5-673D45E616D9}.Debug|iPhone.Build.0 = Debug|Any CPU
		{104D8086-30DF-407D-A6E5-673D45E616D9}.Debug|iPhoneSimulator.ActiveCfg = Debug|Any CPU
		{104D8086-30DF-407D-A6E5-673D45E616D9}.Debug|iPhoneSimulator.Build.0 = Debug|Any CPU
		{104D8086-30DF-407D-A6E5-673D45E616D9}.Release|Any CPU.ActiveCfg = Release|Any CPU
		{104D8086-30DF-407D-A6E5-673D45E616D9}.Release|Any CPU.Build.0 = Release|Any CPU
		{104D8086-30DF-407D-A6E5-673D45E616D9}.Release|iPhone.ActiveCfg = Release|Any CPU
		{104D8086-30DF-407D-A6E5-673D45E616D9}.Release|iPhone.Build.0 = Release|Any CPU
		{104D8086-30DF-407D-A6E5-673D45E616D9}.Release|iPhoneSimulator.ActiveCfg = Release|Any CPU
		{104D8086-30DF-407D-A6E5-673D45E616D9}.Release|iPhoneSimulator.Build.0 = Release|Any CPU
	EndGlobalSection
	GlobalSection(SolutionProperties) = preSolution
		HideSolutionNode = FALSE
	EndGlobalSection
EndGlobal
